
Microsoft Visual Studio Solution File, Format Version 12.00
# Visual Studio 15
Project("{FAE04EC0-301F-11D3-BF4B-00C04F79EFBC}") = "Assembly-CSharp", "Assembly-CSharp.csproj", "{515BF6B1-8933-9436-4E2D-EC55AEA4AC98}"
EndProject
Project("{FAE04EC0-301F-11D3-BF4B-00C04F79EFBC}") = "Unity.XR.Interaction.Toolkit.Samples.StarterAssets", "Unity.XR.Interaction.Toolkit.Samples.StarterAssets.csproj", "{81AD509C-F82B-493B-0677-31E926F376DE}"
EndProject
Project("{FAE04EC0-301F-11D3-BF4B-00C04F79EFBC}") = "Unity.XR.Interaction.Toolkit.Samples.StarterAssets.Editor", "Unity.XR.Interaction.Toolkit.Samples.StarterAssets.Editor.csproj", "{2BB01F02-C79C-D189-58C4-2A4460844D65}"
EndProject
Project("{FAE04EC0-301F-11D3-BF4B-00C04F79EFBC}") = "Unity.XR.Interaction.Toolkit.Samples.Hands", "Unity.XR.Interaction.Toolkit.Samples.Hands.csproj", "{B5AA0156-D6CC-FB23-064F-D52B2C02588C}"
EndProject
Project("{FAE04EC0-301F-11D3-BF4B-00C04F79EFBC}") = "VRPen", "VRPen.csproj", "{A862C422-D396-D99D-8183-55A2AEE72005}"
EndProject
Project("{FAE04EC0-301F-11D3-BF4B-00C04F79EFBC}") = "Unity.XR.Hands.Samples.VisualizerSample", "Unity.XR.Hands.Samples.VisualizerSample.csproj", "{C282F60A-5144-31A5-8262-F2054FEE0EFC}"
EndProject
Project("{FAE04EC0-301F-11D3-BF4B-00C04F79EFBC}") = "VRPen.Editor", "VRPen.Editor.csproj", "{A23C3FA1-8D60-FD7C-DC02-282B0F37925E}"
EndProject
Project("{FAE04EC0-301F-11D3-BF4B-00C04F79EFBC}") = "Unity.XR.Interaction.Toolkit.Samples.Hands.Editor", "Unity.XR.Interaction.Toolkit.Samples.Hands.Editor.csproj", "{DA8D7700-5836-D30B-5A42-9F5ED0F20D4D}"
EndProject
Global
	GlobalSection(SolutionConfigurationPlatforms) = preSolution
		Debug|Any CPU = Debug|Any CPU
		Release|Any CPU = Release|Any CPU
	EndGlobalSection
	GlobalSection(ProjectConfigurationPlatforms) = postSolution
		{515BF6B1-8933-9436-4E2D-EC55AEA4AC98}.Debug|Any CPU.ActiveCfg = Debug|Any CPU
		{515BF6B1-8933-9436-4E2D-EC55AEA4AC98}.Debug|Any CPU.Build.0 = Debug|Any CPU
		{515BF6B1-8933-9436-4E2D-EC55AEA4AC98}.Release|Any CPU.ActiveCfg = Release|Any CPU
		{515BF6B1-8933-9436-4E2D-EC55AEA4AC98}.Release|Any CPU.Build.0 = Release|Any CPU
		{81AD509C-F82B-493B-0677-31E926F376DE}.Debug|Any CPU.ActiveCfg = Debug|Any CPU
		{81AD509C-F82B-493B-0677-31E926F376DE}.Debug|Any CPU.Build.0 = Debug|Any CPU
		{81AD509C-F82B-493B-0677-31E926F376DE}.Release|Any CPU.ActiveCfg = Release|Any CPU
		{81AD509C-F82B-493B-0677-31E926F376DE}.Release|Any CPU.Build.0 = Release|Any CPU
		{2BB01F02-C79C-D189-58C4-2A4460844D65}.Debug|Any CPU.ActiveCfg = Debug|Any CPU
		{2BB01F02-C79C-D189-58C4-2A4460844D65}.Debug|Any CPU.Build.0 = Debug|Any CPU
		{2BB01F02-C79C-D189-58C4-2A4460844D65}.Release|Any CPU.ActiveCfg = Release|Any CPU
		{2BB01F02-C79C-D189-58C4-2A4460844D65}.Release|Any CPU.Build.0 = Release|Any CPU
		{B5AA0156-D6CC-FB23-064F-D52B2C02588C}.Debug|Any CPU.ActiveCfg = Debug|Any CPU
		{B5AA0156-D6CC-FB23-064F-D52B2C02588C}.Debug|Any CPU.Build.0 = Debug|Any CPU
		{B5AA0156-D6CC-FB23-064F-D52B2C02588C}.Release|Any CPU.ActiveCfg = Release|Any CPU
		{B5AA0156-D6CC-FB23-064F-D52B2C02588C}.Release|Any CPU.Build.0 = Release|Any CPU
		{A862C422-D396-D99D-8183-55A2AEE72005}.Debug|Any CPU.ActiveCfg = Debug|Any CPU
		{A862C422-D396-D99D-8183-55A2AEE72005}.Debug|Any CPU.Build.0 = Debug|Any CPU
		{A862C422-D396-D99D-8183-55A2AEE72005}.Release|Any CPU.ActiveCfg = Release|Any CPU
		{A862C422-D396-D99D-8183-55A2AEE72005}.Release|Any CPU.Build.0 = Release|Any CPU
		{C282F60A-5144-31A5-8262-F2054FEE0EFC}.Debug|Any CPU.ActiveCfg = Debug|Any CPU
		{C282F60A-5144-31A5-8262-F2054FEE0EFC}.Debug|Any CPU.Build.0 = Debug|Any CPU
		{C282F60A-5144-31A5-8262-F2054FEE0EFC}.Release|Any CPU.ActiveCfg = Release|Any CPU
		{C282F60A-5144-31A5-8262-F2054FEE0EFC}.Release|Any CPU.Build.0 = Release|Any CPU
		{A23C3FA1-8D60-FD7C-DC02-282B0F37925E}.Debug|Any CPU.ActiveCfg = Debug|Any CPU
		{A23C3FA1-8D60-FD7C-DC02-282B0F37925E}.Debug|Any CPU.Build.0 = Debug|Any CPU
		{A23C3FA1-8D60-FD7C-DC02-282B0F37925E}.Release|Any CPU.ActiveCfg = Release|Any CPU
		{A23C3FA1-8D60-FD7C-DC02-282B0F37925E}.Release|Any CPU.Build.0 = Release|Any CPU
		{DA8D7700-5836-D30B-5A42-9F5ED0F20D4D}.Debug|Any CPU.ActiveCfg = Debug|Any CPU
		{DA8D7700-5836-D30B-5A42-9F5ED0F20D4D}.Debug|Any CPU.Build.0 = Debug|Any CPU
		{DA8D7700-5836-D30B-5A42-9F5ED0F20D4D}.Release|Any CPU.ActiveCfg = Release|Any CPU
		{DA8D7700-5836-D30B-5A42-9F5ED0F20D4D}.Release|Any CPU.Build.0 = Release|Any CPU
	EndGlobalSection
	GlobalSection(SolutionProperties) = preSolution
		HideSolutionNode = FALSE
	EndGlobalSection
EndGlobal
